
Microsoft Visual Studio Solution File, Format Version 12.00
# Visual Studio 15
VisualStudioVersion = 15.0.28307.421
MinimumVisualStudioVersion = 10.0.40219.1
Project("{FAE04EC0-301F-11D3-BF4B-00C04F79EFBC}") = "01.Shapes", "01.Shapes\01.Shapes.csproj", "{59CF58A8-9211-4B16-A85E-553168C75E2C}"
EndProject
Project("{FAE04EC0-301F-11D3-BF4B-00C04F79EFBC}") = "02.Cars", "02.Cars\02.Cars.csproj", "{78CED236-F45A-42D6-A899-04367295D5B1}"
EndProject
Global
	GlobalSection(SolutionConfigurationPlatforms) = preSolution
		Debug|Any CPU = Debug|Any CPU
		Release|Any CPU = Release|Any CPU
	EndGlobalSection
	GlobalSection(ProjectConfigurationPlatforms) = postSolution
		{59CF58A8-9211-4B16-A85E-553168C75E2C}.Debug|Any CPU.ActiveCfg = Debug|Any CPU
		{59CF58A8-9211-4B16-A85E-553168C75E2C}.Debug|Any CPU.Build.0 = Debug|Any CPU
		{59CF58A8-9211-4B16-A85E-553168C75E2C}.Release|Any CPU.ActiveCfg = Release|Any CPU
		{59CF58A8-9211-4B16-A85E-553168C75E2C}.Release|Any CPU.Build.0 = Release|Any CPU
		{78CED236-F45A-42D6-A899-04367295D5B1}.Debug|Any CPU.ActiveCfg = Debug|Any CPU
		{78CED236-F45A-42D6-A899-04367295D5B1}.Debug|Any CPU.Build.0 = Debug|Any CPU
		{78CED236-F45A-42D6-A899-04367295D5B1}.Release|Any CPU.ActiveCfg = Release|Any CPU
		{78CED236-F45A-42D6-A899-04367295D5B1}.Release|Any CPU.Build.0 = Release|Any CPU
	EndGlobalSection
	GlobalSection(SolutionProperties) = preSolution
		HideSolutionNode = FALSE
	EndGlobalSection
	GlobalSection(ExtensibilityGlobals) = postSolution
		SolutionGuid = {0936975C-4080-4082-A986-C37910E09654}
	EndGlobalSection
EndGlobal
