
Microsoft Visual Studio Solution File, Format Version 12.00
# Visual Studio 15
VisualStudioVersion = 15.0.28307.421
MinimumVisualStudioVersion = 10.0.40219.1
Project("{9A19103F-16F7-4668-BE54-9A1E7A4F7556}") = "01.Vehicles", "01.Vehicles\01.Vehicles.csproj", "{C4647D89-3F82-4FB8-8684-8E6CB6E37E5C}"
EndProject
Project("{FAE04EC0-301F-11D3-BF4B-00C04F79EFBC}") = "02.VehiclesExtension", "02.VehiclesExtension\02.VehiclesExtension.csproj", "{A6302A57-422C-4C53-BE44-B9D701F83A1E}"
EndProject
Project("{FAE04EC0-301F-11D3-BF4B-00C04F79EFBC}") = "03.WildFarm", "03.WildFarm\03.WildFarm.csproj", "{6F4C870C-D019-4811-AD2D-2B02AC47B6AF}"
EndProject
Global
	GlobalSection(SolutionConfigurationPlatforms) = preSolution
		Debug|Any CPU = Debug|Any CPU
		Release|Any CPU = Release|Any CPU
	EndGlobalSection
	GlobalSection(ProjectConfigurationPlatforms) = postSolution
		{C4647D89-3F82-4FB8-8684-8E6CB6E37E5C}.Debug|Any CPU.ActiveCfg = Debug|Any CPU
		{C4647D89-3F82-4FB8-8684-8E6CB6E37E5C}.Debug|Any CPU.Build.0 = Debug|Any CPU
		{C4647D89-3F82-4FB8-8684-8E6CB6E37E5C}.Release|Any CPU.ActiveCfg = Release|Any CPU
		{C4647D89-3F82-4FB8-8684-8E6CB6E37E5C}.Release|Any CPU.Build.0 = Release|Any CPU
		{A6302A57-422C-4C53-BE44-B9D701F83A1E}.Debug|Any CPU.ActiveCfg = Debug|Any CPU
		{A6302A57-422C-4C53-BE44-B9D701F83A1E}.Debug|Any CPU.Build.0 = Debug|Any CPU
		{A6302A57-422C-4C53-BE44-B9D701F83A1E}.Release|Any CPU.ActiveCfg = Release|Any CPU
		{A6302A57-422C-4C53-BE44-B9D701F83A1E}.Release|Any CPU.Build.0 = Release|Any CPU
		{6F4C870C-D019-4811-AD2D-2B02AC47B6AF}.Debug|Any CPU.ActiveCfg = Debug|Any CPU
		{6F4C870C-D019-4811-AD2D-2B02AC47B6AF}.Debug|Any CPU.Build.0 = Debug|Any CPU
		{6F4C870C-D019-4811-AD2D-2B02AC47B6AF}.Release|Any CPU.ActiveCfg = Release|Any CPU
		{6F4C870C-D019-4811-AD2D-2B02AC47B6AF}.Release|Any CPU.Build.0 = Release|Any CPU
	EndGlobalSection
	GlobalSection(SolutionProperties) = preSolution
		HideSolutionNode = FALSE
	EndGlobalSection
	GlobalSection(ExtensibilityGlobals) = postSolution
		SolutionGuid = {7615AEDC-7203-47F0-8C34-E0C8924623C2}
	EndGlobalSection
EndGlobal
